
Microsoft Visual Studio Solution File, Format Version 12.00
# Visual Studio Version 16
VisualStudioVersion = 16.0.31729.503
MinimumVisualStudioVersion = 10.0.40219.1
Project("{FAE04EC0-301F-11D3-BF4B-00C04F79EFBC}") = "DiceGame", "DiceGame\DiceGame.csproj", "{94AFB45A-AA82-436B-BACD-EA2F70A5F913}"
EndProject
Global
	GlobalSection(SolutionConfigurationPlatforms) = preSolution
		Debug|Any CPU = Debug|Any CPU
		Release|Any CPU = Release|Any CPU
	EndGlobalSection
	GlobalSection(ProjectConfigurationPlatforms) = postSolution
		{94AFB45A-AA82-436B-BACD-EA2F70A5F913}.Debug|Any CPU.ActiveCfg = Debug|Any CPU
		{94AFB45A-AA82-436B-BACD-EA2F70A5F913}.Debug|Any CPU.Build.0 = Debug|Any CPU
		{94AFB45A-AA82-436B-BACD-EA2F70A5F913}.Release|Any CPU.ActiveCfg = Release|Any CPU
		{94AFB45A-AA82-436B-BACD-EA2F70A5F913}.Release|Any CPU.Build.0 = Release|Any CPU
	EndGlobalSection
	GlobalSection(SolutionProperties) = preSolution
		HideSolutionNode = FALSE
	EndGlobalSection
	GlobalSection(ExtensibilityGlobals) = postSolution
		SolutionGuid = {E13C9738-4FC0-4021-BA89-19A3A3F11283}
	EndGlobalSection
EndGlobal
